github.com/aaronland/go-roster v1.0.0 h1:FRDGrTqsYySKjWnAhbBGXyeGlI/o5/t9FZYCbUmyQtI=
github.com/aaronland/go-roster v1.0.0/go.mod h1:KIsYZgrJlAsyb9LsXSCvlqvbcCBVjCSqcQiZx42i9ro=
github.com/sfomuseum/go-flags v0.12.1 h1:xvg3iEz510JPr9ItPxOOF2C12JnlplodT1V/1Ty7Pg8=
github.com/sfomuseum/go-flags v0.12.1/go.mod h1:cUTByyudaM9d+iHwxsEpyYHemWVOGL/bqTRPIvydiC8=
